
Microsoft Visual Studio Solution File, Format Version 12.00
# Visual Studio Version 16
VisualStudioVersion = 16.0.32929.386
MinimumVisualStudioVersion = 10.0.40219.1
Project("{D2ABAB84-BF74-430A-B69E-9DC6D40DDA17}") = "CaseCube", "CaseCube\CaseCube.dwproj", "{94CE3DD9-B025-43F7-9CB3-6D357514CF88}"
EndProject
Project("{D2ABAB84-BF74-430A-B69E-9DC6D40DDA17}") = "VaccineCaseCube", "VaccineCaseCube\VaccineCaseCube.dwproj", "{B4A28BD5-2018-4420-B5A8-034B351377D8}"
EndProject
Project("{D2ABAB84-BF74-430A-B69E-9DC6D40DDA17}") = "OutbreakCube", "OutbreakCube\OutbreakCube.dwproj", "{4C3ED999-851B-4A0D-A1B0-6661B47D2031}"
EndProject
Global
	GlobalSection(SolutionConfigurationPlatforms) = preSolution
		Development|Default = Development|Default
	EndGlobalSection
	GlobalSection(ProjectConfigurationPlatforms) = postSolution
		{94CE3DD9-B025-43F7-9CB3-6D357514CF88}.Development|Default.ActiveCfg = Development
		{94CE3DD9-B025-43F7-9CB3-6D357514CF88}.Development|Default.Build.0 = Development
		{94CE3DD9-B025-43F7-9CB3-6D357514CF88}.Development|Default.Deploy.0 = Development
		{B4A28BD5-2018-4420-B5A8-034B351377D8}.Development|Default.ActiveCfg = Development
		{B4A28BD5-2018-4420-B5A8-034B351377D8}.Development|Default.Build.0 = Development
		{B4A28BD5-2018-4420-B5A8-034B351377D8}.Development|Default.Deploy.0 = Development
		{4C3ED999-851B-4A0D-A1B0-6661B47D2031}.Development|Default.ActiveCfg = Development
		{4C3ED999-851B-4A0D-A1B0-6661B47D2031}.Development|Default.Build.0 = Development
		{4C3ED999-851B-4A0D-A1B0-6661B47D2031}.Development|Default.Deploy.0 = Development
	EndGlobalSection
	GlobalSection(SolutionProperties) = preSolution
		HideSolutionNode = FALSE
	EndGlobalSection
	GlobalSection(ExtensibilityGlobals) = postSolution
		SolutionGuid = {3D462319-36CA-49EC-80DB-2484FFA2F220}
	EndGlobalSection
EndGlobal
